
Microsoft Visual Studio Solution File, Format Version 12.00
# Visual Studio 15
Project("{FAE04EC0-301F-11D3-BF4B-00C04F79EFBC}") = "SupernumeraryEmps", "SupernumeraryEmps\SupernumeraryEmps.csproj", "{631435D6-06AF-4BA3-BA6D-1979B878F128}"
EndProject
Global
	GlobalSection(SolutionConfigurationPlatforms) = preSolution
		Debug|Any CPU = Debug|Any CPU
		Release|Any CPU = Release|Any CPU
	EndGlobalSection
	GlobalSection(ProjectConfigurationPlatforms) = postSolution
		{631435D6-06AF-4BA3-BA6D-1979B878F128}.Debug|Any CPU.ActiveCfg = Debug|Any CPU
		{631435D6-06AF-4BA3-BA6D-1979B878F128}.Debug|Any CPU.Build.0 = Debug|Any CPU
		{631435D6-06AF-4BA3-BA6D-1979B878F128}.Release|Any CPU.ActiveCfg = Release|Any CPU
		{631435D6-06AF-4BA3-BA6D-1979B878F128}.Release|Any CPU.Build.0 = Release|Any CPU
	EndGlobalSection
EndGlobal
